
Microsoft Visual Studio Solution File, Format Version 12.00
# Visual Studio Version 17
VisualStudioVersion = 17.13.35919.96 d17.13
MinimumVisualStudioVersion = 10.0.40219.1
Project("{FAE04EC0-301F-11D3-BF4B-00C04F79EFBC}") = "ShoeApp", "ShoeApp\ShoeApp.csproj", "{2653FD4B-4964-421C-BFBC-DDC4C5258E8B}"
EndProject
Global
	GlobalSection(SolutionConfigurationPlatforms) = preSolution
		Debug|Any CPU = Debug|Any CPU
		Release|Any CPU = Release|Any CPU
	EndGlobalSection
	GlobalSection(ProjectConfigurationPlatforms) = postSolution
		{2653FD4B-4964-421C-BFBC-DDC4C5258E8B}.Debug|Any CPU.ActiveCfg = Debug|Any CPU
		{2653FD4B-4964-421C-BFBC-DDC4C5258E8B}.Debug|Any CPU.Build.0 = Debug|Any CPU
		{2653FD4B-4964-421C-BFBC-DDC4C5258E8B}.Release|Any CPU.ActiveCfg = Release|Any CPU
		{2653FD4B-4964-421C-BFBC-DDC4C5258E8B}.Release|Any CPU.Build.0 = Release|Any CPU
	EndGlobalSection
	GlobalSection(SolutionProperties) = preSolution
		HideSolutionNode = FALSE
	EndGlobalSection
	GlobalSection(ExtensibilityGlobals) = postSolution
		SolutionGuid = {D97701E3-E136-4DC6-8A70-BBB019151910}
	EndGlobalSection
EndGlobal
